{
  "version": 4,
  "terraform_version": "1.4.6",
  "serial": 7,
  "lineage": "d3bbd52c-6bbe-838c-f17c-4c273a4ec679",
  "outputs": {
    "data_source_file_content": {
      "value": "local content",
      "type": "string"
    },
    "data_source_file_content_base64": {
      "value": "bG9jYWwgY29udGVudA==",
      "type": "string"
    },
    "file_content": {
      "value": "local content",
      "type": "string"
    },
    "file_filename": {
      "value": "local_file.txt",
      "type": "string"
    },
    "file_id": {
      "value": "094f587b52451d1d5f3ef42a921fc877d8b18c1b",
      "type": "string"
    }
  },
  "resources": [
    {
      "mode": "data",
      "type": "local_file",
      "name": "my_file",
      "provider": "provider[\"registry.terraform.io/hashicorp/local\"]",
      "instances": [
        {
          "schema_version": 0,
          "attributes": {
            "content": "local content",
            "content_base64": "bG9jYWwgY29udGVudA==",
            "content_base64sha256": "olU8Nh2/dWfcSZFhYH6yxgxR/CpHVsTsP++LC2M4bkg=",
            "content_base64sha512": "v9V/VEk3MAFNNF2DSz5y8pi1TDBzOfkwdUVGYwDsDWW4ZL73XIhRgLjJUH9sF7nSHPZA97DhD9mhHx5oeR86Yg==",
            "content_md5": "267941cb2e6a0411d9044b8d5a2b079c",
            "content_sha1": "094f587b52451d1d5f3ef42a921fc877d8b18c1b",
            "content_sha256": "a2553c361dbf7567dc499161607eb2c60c51fc2a4756c4ec3fef8b0b63386e48",
            "content_sha512": "bfd57f54493730014d345d834b3e72f298b54c307339f9307545466300ec0d65b864bef75c885180b8c9507f6c17b9d21cf640f7b0e10fd9a11f1e68791f3a62",
            "filename": "local_file.txt",
            "id": "094f587b52451d1d5f3ef42a921fc877d8b18c1b"
          },
          "sensitive_attributes": []
        }
      ]
    },
    {
      "mode": "managed",
      "type": "local_file",
      "name": "my_file",
      "provider": "provider[\"registry.terraform.io/hashicorp/local\"]",
      "instances": [
        {
          "schema_version": 0,
          "attributes": {
            "content": "local content",
            "content_base64": null,
            "content_base64sha256": "olU8Nh2/dWfcSZFhYH6yxgxR/CpHVsTsP++LC2M4bkg=",
            "content_base64sha512": "v9V/VEk3MAFNNF2DSz5y8pi1TDBzOfkwdUVGYwDsDWW4ZL73XIhRgLjJUH9sF7nSHPZA97DhD9mhHx5oeR86Yg==",
            "content_md5": "267941cb2e6a0411d9044b8d5a2b079c",
            "content_sha1": "094f587b52451d1d5f3ef42a921fc877d8b18c1b",
            "content_sha256": "a2553c361dbf7567dc499161607eb2c60c51fc2a4756c4ec3fef8b0b63386e48",
            "content_sha512": "bfd57f54493730014d345d834b3e72f298b54c307339f9307545466300ec0d65b864bef75c885180b8c9507f6c17b9d21cf640f7b0e10fd9a11f1e68791f3a62",
            "directory_permission": "0777",
            "file_permission": "0777",
            "filename": "local_file.txt",
            "id": "094f587b52451d1d5f3ef42a921fc877d8b18c1b",
            "sensitive_content": null,
            "source": null
          },
          "sensitive_attributes": []
        }
      ]
    }
  ],
  "check_results": null
}
